
Microsoft Visual Studio Solution File, Format Version 12.00
# Visual Studio Version 17
VisualStudioVersion = 17.8.34330.188
MinimumVisualStudioVersion = 10.0.40219.1
Project("{9A19103F-16F7-4668-BE54-9A1E7A4F7556}") = "MyInsurance.Presentation", "MyInsurance.Presentation\MyInsurance.Presentation.csproj", "{D5CCAEFD-6934-4AD8-BA67-6024C10AFA37}"
EndProject
Project("{9A19103F-16F7-4668-BE54-9A1E7A4F7556}") = "MyInsurance.Application", "MyInsurance.Application\MyInsurance.Application.csproj", "{91D74148-EC2E-4032-ACF8-4B1BAB639F94}"
EndProject
Project("{9A19103F-16F7-4668-BE54-9A1E7A4F7556}") = "MyInsurance.Domain", "MyInsurance.Domain\MyInsurance.Domain.csproj", "{7A2920B8-E5AA-4F02-9A93-4D84CD36C2B8}"
EndProject
Project("{9A19103F-16F7-4668-BE54-9A1E7A4F7556}") = "MyInsurance.Infrastructure", "MyInsurance.Infrastructure\MyInsurance.Infrastructure.csproj", "{6CAA25F4-3C8C-48B3-8AAD-6B23F34126F6}"
EndProject
Global
	GlobalSection(SolutionConfigurationPlatforms) = preSolution
		Debug|Any CPU = Debug|Any CPU
		Release|Any CPU = Release|Any CPU
	EndGlobalSection
	GlobalSection(ProjectConfigurationPlatforms) = postSolution
		{D5CCAEFD-6934-4AD8-BA67-6024C10AFA37}.Debug|Any CPU.ActiveCfg = Debug|Any CPU
		{D5CCAEFD-6934-4AD8-BA67-6024C10AFA37}.Debug|Any CPU.Build.0 = Debug|Any CPU
		{D5CCAEFD-6934-4AD8-BA67-6024C10AFA37}.Release|Any CPU.ActiveCfg = Release|Any CPU
		{D5CCAEFD-6934-4AD8-BA67-6024C10AFA37}.Release|Any CPU.Build.0 = Release|Any CPU
		{91D74148-EC2E-4032-ACF8-4B1BAB639F94}.Debug|Any CPU.ActiveCfg = Debug|Any CPU
		{91D74148-EC2E-4032-ACF8-4B1BAB639F94}.Debug|Any CPU.Build.0 = Debug|Any CPU
		{91D74148-EC2E-4032-ACF8-4B1BAB639F94}.Release|Any CPU.ActiveCfg = Release|Any CPU
		{91D74148-EC2E-4032-ACF8-4B1BAB639F94}.Release|Any CPU.Build.0 = Release|Any CPU
		{7A2920B8-E5AA-4F02-9A93-4D84CD36C2B8}.Debug|Any CPU.ActiveCfg = Debug|Any CPU
		{7A2920B8-E5AA-4F02-9A93-4D84CD36C2B8}.Debug|Any CPU.Build.0 = Debug|Any CPU
		{7A2920B8-E5AA-4F02-9A93-4D84CD36C2B8}.Release|Any CPU.ActiveCfg = Release|Any CPU
		{7A2920B8-E5AA-4F02-9A93-4D84CD36C2B8}.Release|Any CPU.Build.0 = Release|Any CPU
		{6CAA25F4-3C8C-48B3-8AAD-6B23F34126F6}.Debug|Any CPU.ActiveCfg = Debug|Any CPU
		{6CAA25F4-3C8C-48B3-8AAD-6B23F34126F6}.Debug|Any CPU.Build.0 = Debug|Any CPU
		{6CAA25F4-3C8C-48B3-8AAD-6B23F34126F6}.Release|Any CPU.ActiveCfg = Release|Any CPU
		{6CAA25F4-3C8C-48B3-8AAD-6B23F34126F6}.Release|Any CPU.Build.0 = Release|Any CPU
	EndGlobalSection
	GlobalSection(SolutionProperties) = preSolution
		HideSolutionNode = FALSE
	EndGlobalSection
	GlobalSection(ExtensibilityGlobals) = postSolution
		SolutionGuid = {06A376B2-2AC0-4807-B0F1-6CA6454700E0}
	EndGlobalSection
EndGlobal
